
Microsoft Visual Studio Solution File, Format Version 12.00
# Visual Studio Version 16
VisualStudioVersion = 16.0.30907.101
MinimumVisualStudioVersion = 10.0.40219.1
Project("{8BC9CEB8-8B4A-11D0-8D11-00A0C91BC942}") = "Char_Str_Pr1", "Char_Str_Pr1\Char_Str_Pr1.vcxproj", "{273274EC-EBA0-45A8-A4A0-D448ED3A6B89}"
EndProject
Project("{8BC9CEB8-8B4A-11D0-8D11-00A0C91BC942}") = "Char_Str_Pr2", "Char_Str_Pr2\Char_Str_Pr2.vcxproj", "{F34F989D-E473-4206-A2BE-F1AFCAB87111}"
EndProject
Project("{8BC9CEB8-8B4A-11D0-8D11-00A0C91BC942}") = "Char_Str_Pr3", "Char_Str_Pr3\Char_Str_Pr3.vcxproj", "{35CB0EE5-F2B2-4DED-BA4D-E58526A77E39}"
EndProject
Project("{8BC9CEB8-8B4A-11D0-8D11-00A0C91BC942}") = "Char_Str_Pr4", "Char_Str_Pr4\Char_Str_Pr4.vcxproj", "{37314EAE-06D4-410E-AE31-13C449A2A22F}"
EndProject
Project("{8BC9CEB8-8B4A-11D0-8D11-00A0C91BC942}") = "Char_Str_Pr5", "Char_Str_Pr5\Char_Str_Pr5.vcxproj", "{8FE44BF7-7AB1-49FE-822E-CEBEE4408867}"
EndProject
Project("{8BC9CEB8-8B4A-11D0-8D11-00A0C91BC942}") = "Char_Str_Pr6", "Char_Str_Pr6\Char_Str_Pr6.vcxproj", "{65E28D68-A4C7-49E6-9479-3CF26825C9F4}"
EndProject
Project("{8BC9CEB8-8B4A-11D0-8D11-00A0C91BC942}") = "Char_Str_Pr7", "Char_Str_Pr7\Char_Str_Pr7.vcxproj", "{AFCF3B06-E444-454A-A00E-DA7F345E5AF9}"
EndProject
Project("{8BC9CEB8-8B4A-11D0-8D11-00A0C91BC942}") = "Char_Str_Pr8", "Char_Str_Pr8\Char_Str_Pr8.vcxproj", "{2F864AC7-5D68-41AA-89F5-AC47BA637752}"
EndProject
Project("{8BC9CEB8-8B4A-11D0-8D11-00A0C91BC942}") = "Char_Str_Pr9", "Char_Str_Pr9\Char_Str_Pr9.vcxproj", "{BDB6A45A-1B9D-4E6C-BDE9-BA358B7A92E8}"
EndProject
Project("{8BC9CEB8-8B4A-11D0-8D11-00A0C91BC942}") = "SC_74(62)", "SC_74(62)\SC_74(62).vcxproj", "{2903E542-7433-424E-AA62-5C0227D9BB75}"
EndProject
Project("{8BC9CEB8-8B4A-11D0-8D11-00A0C91BC942}") = "SC_76(DZ11)", "SC_76(DZ11)\SC_76(DZ11).vcxproj", "{4035B67E-8C74-40E6-9FD8-34C5EA8F5732}"
EndProject
Global
	GlobalSection(SolutionConfigurationPlatforms) = preSolution
		Debug|x64 = Debug|x64
		Debug|x86 = Debug|x86
		Release|x64 = Release|x64
		Release|x86 = Release|x86
	EndGlobalSection
	GlobalSection(ProjectConfigurationPlatforms) = postSolution
		{273274EC-EBA0-45A8-A4A0-D448ED3A6B89}.Debug|x64.ActiveCfg = Debug|x64
		{273274EC-EBA0-45A8-A4A0-D448ED3A6B89}.Debug|x64.Build.0 = Debug|x64
		{273274EC-EBA0-45A8-A4A0-D448ED3A6B89}.Debug|x86.ActiveCfg = Debug|Win32
		{273274EC-EBA0-45A8-A4A0-D448ED3A6B89}.Debug|x86.Build.0 = Debug|Win32
		{273274EC-EBA0-45A8-A4A0-D448ED3A6B89}.Release|x64.ActiveCfg = Release|x64
		{273274EC-EBA0-45A8-A4A0-D448ED3A6B89}.Release|x64.Build.0 = Release|x64
		{273274EC-EBA0-45A8-A4A0-D448ED3A6B89}.Release|x86.ActiveCfg = Release|Win32
		{273274EC-EBA0-45A8-A4A0-D448ED3A6B89}.Release|x86.Build.0 = Release|Win32
		{F34F989D-E473-4206-A2BE-F1AFCAB87111}.Debug|x64.ActiveCfg = Debug|x64
		{F34F989D-E473-4206-A2BE-F1AFCAB87111}.Debug|x64.Build.0 = Debug|x64
		{F34F989D-E473-4206-A2BE-F1AFCAB87111}.Debug|x86.ActiveCfg = Debug|Win32
		{F34F989D-E473-4206-A2BE-F1AFCAB87111}.Debug|x86.Build.0 = Debug|Win32
		{F34F989D-E473-4206-A2BE-F1AFCAB87111}.Release|x64.ActiveCfg = Release|x64
		{F34F989D-E473-4206-A2BE-F1AFCAB87111}.Release|x64.Build.0 = Release|x64
		{F34F989D-E473-4206-A2BE-F1AFCAB87111}.Release|x86.ActiveCfg = Release|Win32
		{F34F989D-E473-4206-A2BE-F1AFCAB87111}.Release|x86.Build.0 = Release|Win32
		{35CB0EE5-F2B2-4DED-BA4D-E58526A77E39}.Debug|x64.ActiveCfg = Debug|x64
		{35CB0EE5-F2B2-4DED-BA4D-E58526A77E39}.Debug|x64.Build.0 = Debug|x64
		{35CB0EE5-F2B2-4DED-BA4D-E58526A77E39}.Debug|x86.ActiveCfg = Debug|Win32
		{35CB0EE5-F2B2-4DED-BA4D-E58526A77E39}.Debug|x86.Build.0 = Debug|Win32
		{35CB0EE5-F2B2-4DED-BA4D-E58526A77E39}.Release|x64.ActiveCfg = Release|x64
		{35CB0EE5-F2B2-4DED-BA4D-E58526A77E39}.Release|x64.Build.0 = Release|x64
		{35CB0EE5-F2B2-4DED-BA4D-E58526A77E39}.Release|x86.ActiveCfg = Release|Win32
		{35CB0EE5-F2B2-4DED-BA4D-E58526A77E39}.Release|x86.Build.0 = Release|Win32
		{37314EAE-06D4-410E-AE31-13C449A2A22F}.Debug|x64.ActiveCfg = Debug|x64
		{37314EAE-06D4-410E-AE31-13C449A2A22F}.Debug|x64.Build.0 = Debug|x64
		{37314EAE-06D4-410E-AE31-13C449A2A22F}.Debug|x86.ActiveCfg = Debug|Win32
		{37314EAE-06D4-410E-AE31-13C449A2A22F}.Debug|x86.Build.0 = Debug|Win32
		{37314EAE-06D4-410E-AE31-13C449A2A22F}.Release|x64.ActiveCfg = Release|x64
		{37314EAE-06D4-410E-AE31-13C449A2A22F}.Release|x64.Build.0 = Release|x64
		{37314EAE-06D4-410E-AE31-13C449A2A22F}.Release|x86.ActiveCfg = Release|Win32
		{37314EAE-06D4-410E-AE31-13C449A2A22F}.Release|x86.Build.0 = Release|Win32
		{8FE44BF7-7AB1-49FE-822E-CEBEE4408867}.Debug|x64.ActiveCfg = Debug|x64
		{8FE44BF7-7AB1-49FE-822E-CEBEE4408867}.Debug|x64.Build.0 = Debug|x64
		{8FE44BF7-7AB1-49FE-822E-CEBEE4408867}.Debug|x86.ActiveCfg = Debug|Win32
		{8FE44BF7-7AB1-49FE-822E-CEBEE4408867}.Debug|x86.Build.0 = Debug|Win32
		{8FE44BF7-7AB1-49FE-822E-CEBEE4408867}.Release|x64.ActiveCfg = Release|x64
		{8FE44BF7-7AB1-49FE-822E-CEBEE4408867}.Release|x64.Build.0 = Release|x64
		{8FE44BF7-7AB1-49FE-822E-CEBEE4408867}.Release|x86.ActiveCfg = Release|Win32
		{8FE44BF7-7AB1-49FE-822E-CEBEE4408867}.Release|x86.Build.0 = Release|Win32
		{65E28D68-A4C7-49E6-9479-3CF26825C9F4}.Debug|x64.ActiveCfg = Debug|x64
		{65E28D68-A4C7-49E6-9479-3CF26825C9F4}.Debug|x64.Build.0 = Debug|x64
		{65E28D68-A4C7-49E6-9479-3CF26825C9F4}.Debug|x86.ActiveCfg = Debug|Win32
		{65E28D68-A4C7-49E6-9479-3CF26825C9F4}.Debug|x86.Build.0 = Debug|Win32
		{65E28D68-A4C7-49E6-9479-3CF26825C9F4}.Release|x64.ActiveCfg = Release|x64
		{65E28D68-A4C7-49E6-9479-3CF26825C9F4}.Release|x64.Build.0 = Release|x64
		{65E28D68-A4C7-49E6-9479-3CF26825C9F4}.Release|x86.ActiveCfg = Release|Win32
		{65E28D68-A4C7-49E6-9479-3CF26825C9F4}.Release|x86.Build.0 = Release|Win32
		{AFCF3B06-E444-454A-A00E-DA7F345E5AF9}.Debug|x64.ActiveCfg = Debug|x64
		{AFCF3B06-E444-454A-A00E-DA7F345E5AF9}.Debug|x64.Build.0 = Debug|x64
		{AFCF3B06-E444-454A-A00E-DA7F345E5AF9}.Debug|x86.ActiveCfg = Debug|Win32
		{AFCF3B06-E444-454A-A00E-DA7F345E5AF9}.Debug|x86.Build.0 = Debug|Win32
		{AFCF3B06-E444-454A-A00E-DA7F345E5AF9}.Release|x64.ActiveCfg = Release|x64
		{AFCF3B06-E444-454A-A00E-DA7F345E5AF9}.Release|x64.Build.0 = Release|x64
		{AFCF3B06-E444-454A-A00E-DA7F345E5AF9}.Release|x86.ActiveCfg = Release|Win32
		{AFCF3B06-E444-454A-A00E-DA7F345E5AF9}.Release|x86.Build.0 = Release|Win32
		{2F864AC7-5D68-41AA-89F5-AC47BA637752}.Debug|x64.ActiveCfg = Debug|x64
		{2F864AC7-5D68-41AA-89F5-AC47BA637752}.Debug|x64.Build.0 = Debug|x64
		{2F864AC7-5D68-41AA-89F5-AC47BA637752}.Debug|x86.ActiveCfg = Debug|Win32
		{2F864AC7-5D68-41AA-89F5-AC47BA637752}.Debug|x86.Build.0 = Debug|Win32
		{2F864AC7-5D68-41AA-89F5-AC47BA637752}.Release|x64.ActiveCfg = Release|x64
		{2F864AC7-5D68-41AA-89F5-AC47BA637752}.Release|x64.Build.0 = Release|x64
		{2F864AC7-5D68-41AA-89F5-AC47BA637752}.Release|x86.ActiveCfg = Release|Win32
		{2F864AC7-5D68-41AA-89F5-AC47BA637752}.Release|x86.Build.0 = Release|Win32
		{BDB6A45A-1B9D-4E6C-BDE9-BA358B7A92E8}.Debug|x64.ActiveCfg = Debug|x64
		{BDB6A45A-1B9D-4E6C-BDE9-BA358B7A92E8}.Debug|x64.Build.0 = Debug|x64
		{BDB6A45A-1B9D-4E6C-BDE9-BA358B7A92E8}.Debug|x86.ActiveCfg = Debug|Win32
		{BDB6A45A-1B9D-4E6C-BDE9-BA358B7A92E8}.Debug|x86.Build.0 = Debug|Win32
		{BDB6A45A-1B9D-4E6C-BDE9-BA358B7A92E8}.Release|x64.ActiveCfg = Release|x64
		{BDB6A45A-1B9D-4E6C-BDE9-BA358B7A92E8}.Release|x64.Build.0 = Release|x64
		{BDB6A45A-1B9D-4E6C-BDE9-BA358B7A92E8}.Release|x86.ActiveCfg = Release|Win32
		{BDB6A45A-1B9D-4E6C-BDE9-BA358B7A92E8}.Release|x86.Build.0 = Release|Win32
		{2903E542-7433-424E-AA62-5C0227D9BB75}.Debug|x64.ActiveCfg = Debug|x64
		{2903E542-7433-424E-AA62-5C0227D9BB75}.Debug|x64.Build.0 = Debug|x64
		{2903E542-7433-424E-AA62-5C0227D9BB75}.Debug|x86.ActiveCfg = Debug|Win32
		{2903E542-7433-424E-AA62-5C0227D9BB75}.Debug|x86.Build.0 = Debug|Win32
		{2903E542-7433-424E-AA62-5C0227D9BB75}.Release|x64.ActiveCfg = Release|x64
		{2903E542-7433-424E-AA62-5C0227D9BB75}.Release|x64.Build.0 = Release|x64
		{2903E542-7433-424E-AA62-5C0227D9BB75}.Release|x86.ActiveCfg = Release|Win32
		{2903E542-7433-424E-AA62-5C0227D9BB75}.Release|x86.Build.0 = Release|Win32
		{4035B67E-8C74-40E6-9FD8-34C5EA8F5732}.Debug|x64.ActiveCfg = Debug|x64
		{4035B67E-8C74-40E6-9FD8-34C5EA8F5732}.Debug|x64.Build.0 = Debug|x64
		{4035B67E-8C74-40E6-9FD8-34C5EA8F5732}.Debug|x86.ActiveCfg = Debug|Win32
		{4035B67E-8C74-40E6-9FD8-34C5EA8F5732}.Debug|x86.Build.0 = Debug|Win32
		{4035B67E-8C74-40E6-9FD8-34C5EA8F5732}.Release|x64.ActiveCfg = Release|x64
		{4035B67E-8C74-40E6-9FD8-34C5EA8F5732}.Release|x64.Build.0 = Release|x64
		{4035B67E-8C74-40E6-9FD8-34C5EA8F5732}.Release|x86.ActiveCfg = Release|Win32
		{4035B67E-8C74-40E6-9FD8-34C5EA8F5732}.Release|x86.Build.0 = Release|Win32
	EndGlobalSection
	GlobalSection(SolutionProperties) = preSolution
		HideSolutionNode = FALSE
	EndGlobalSection
	GlobalSection(ExtensibilityGlobals) = postSolution
		SolutionGuid = {7563055B-3304-4010-AFFC-A50417D2EC85}
	EndGlobalSection
EndGlobal
