
Microsoft Visual Studio Solution File, Format Version 12.00
# Visual Studio Version 16
VisualStudioVersion = 16.0.30907.101
MinimumVisualStudioVersion = 10.0.40219.1
Project("{8BC9CEB8-8B4A-11D0-8D11-00A0C91BC942}") = "C_Files_Pr1", "C_Files_Pr1\C_Files_Pr1.vcxproj", "{EDE84D04-4842-4144-920E-4B714E9C2312}"
EndProject
Project("{8BC9CEB8-8B4A-11D0-8D11-00A0C91BC942}") = "C_Files_Pr2", "C_Files_Pr2\C_Files_Pr2.vcxproj", "{182EE34E-95B3-4F55-9574-31DF22F0B362}"
EndProject
Project("{8BC9CEB8-8B4A-11D0-8D11-00A0C91BC942}") = "C_Files_Pr3", "C_Files_Pr3\C_Files_Pr3.vcxproj", "{9644F83C-6940-485E-AA0A-F5F2661C69A2}"
EndProject
Project("{8BC9CEB8-8B4A-11D0-8D11-00A0C91BC942}") = "C_Files_Pr4", "C_Files_Pr4\C_Files_Pr4.vcxproj", "{EFAD32FE-AD41-4D61-A1A7-13C688BB01A7}"
EndProject
Project("{8BC9CEB8-8B4A-11D0-8D11-00A0C91BC942}") = "C_Files_Pr5", "C_Files_Pr5\C_Files_Pr5.vcxproj", "{348FB591-B93C-454B-AC2A-2C87A89A93FF}"
EndProject
Project("{8BC9CEB8-8B4A-11D0-8D11-00A0C91BC942}") = "C_Files_Pr6", "C_Files_Pr6\C_Files_Pr6.vcxproj", "{21F6D8DB-D54E-44A4-A375-368824CFD3B7}"
EndProject
Project("{8BC9CEB8-8B4A-11D0-8D11-00A0C91BC942}") = "C_Files_Pr7", "C_Files_Pr7\C_Files_Pr7.vcxproj", "{36349F68-0693-42C6-971E-27D140F27DAC}"
EndProject
Project("{8BC9CEB8-8B4A-11D0-8D11-00A0C91BC942}") = "C_Files_Pr8", "C_Files_Pr8\C_Files_Pr8.vcxproj", "{5FA20875-CE28-43D9-B687-0E9B53D2C577}"
EndProject
Project("{8BC9CEB8-8B4A-11D0-8D11-00A0C91BC942}") = "C_Files_Pr9", "C_Files_Pr9\C_Files_Pr9.vcxproj", "{65DB0D57-2698-4DF8-B644-BA2875516145}"
EndProject
Project("{8BC9CEB8-8B4A-11D0-8D11-00A0C91BC942}") = "C_Files_Pr10", "C_Files_Pr10\C_Files_Pr10.vcxproj", "{CD2C9C96-98D0-42C8-A8E7-1DF93DC2F7A6}"
EndProject
Project("{8BC9CEB8-8B4A-11D0-8D11-00A0C91BC942}") = "233", "233\233.vcxproj", "{DCFE0A88-3A95-45F7-8A76-688FF31D41FE}"
EndProject
Project("{8BC9CEB8-8B4A-11D0-8D11-00A0C91BC942}") = "234", "234\234.vcxproj", "{813490C8-B8B8-4024-A5C7-F5FDAE9C0C84}"
EndProject
Project("{8BC9CEB8-8B4A-11D0-8D11-00A0C91BC942}") = "235", "235\235.vcxproj", "{52E0583E-5C77-452C-9C0D-5C6010C7C04F}"
EndProject
Project("{8BC9CEB8-8B4A-11D0-8D11-00A0C91BC942}") = "236", "236\236.vcxproj", "{FE76BA5B-D4A4-4477-9DEE-2676A7C2CC1C}"
EndProject
Project("{8BC9CEB8-8B4A-11D0-8D11-00A0C91BC942}") = "237", "237\237.vcxproj", "{F6B25D0F-ECF4-4E8C-8ECD-2AEAB149BB9C}"
EndProject
Project("{8BC9CEB8-8B4A-11D0-8D11-00A0C91BC942}") = "238", "238\238.vcxproj", "{A9ABC161-37D3-4638-9A79-F83A28B1AA2D}"
EndProject
Project("{8BC9CEB8-8B4A-11D0-8D11-00A0C91BC942}") = "239", "239\239.vcxproj", "{F1A280AA-941A-405E-BBEF-3859887CAD88}"
EndProject
Project("{8BC9CEB8-8B4A-11D0-8D11-00A0C91BC942}") = "240", "240\240.vcxproj", "{57FDB32D-1829-44ED-B9AD-1935F74E65C1}"
EndProject
Project("{8BC9CEB8-8B4A-11D0-8D11-00A0C91BC942}") = "242", "242\242.vcxproj", "{ADBCC0DF-A959-424F-A39C-B960B5DDEA3B}"
EndProject
Project("{8BC9CEB8-8B4A-11D0-8D11-00A0C91BC942}") = "244", "244\244.vcxproj", "{59A2415C-A2F7-4202-B47C-B84B018E2444}"
EndProject
Global
	GlobalSection(SolutionConfigurationPlatforms) = preSolution
		Debug|x64 = Debug|x64
		Debug|x86 = Debug|x86
		Release|x64 = Release|x64
		Release|x86 = Release|x86
	EndGlobalSection
	GlobalSection(ProjectConfigurationPlatforms) = postSolution
		{EDE84D04-4842-4144-920E-4B714E9C2312}.Debug|x64.ActiveCfg = Debug|x64
		{EDE84D04-4842-4144-920E-4B714E9C2312}.Debug|x64.Build.0 = Debug|x64
		{EDE84D04-4842-4144-920E-4B714E9C2312}.Debug|x86.ActiveCfg = Debug|Win32
		{EDE84D04-4842-4144-920E-4B714E9C2312}.Debug|x86.Build.0 = Debug|Win32
		{EDE84D04-4842-4144-920E-4B714E9C2312}.Release|x64.ActiveCfg = Release|x64
		{EDE84D04-4842-4144-920E-4B714E9C2312}.Release|x64.Build.0 = Release|x64
		{EDE84D04-4842-4144-920E-4B714E9C2312}.Release|x86.ActiveCfg = Release|Win32
		{EDE84D04-4842-4144-920E-4B714E9C2312}.Release|x86.Build.0 = Release|Win32
		{182EE34E-95B3-4F55-9574-31DF22F0B362}.Debug|x64.ActiveCfg = Debug|x64
		{182EE34E-95B3-4F55-9574-31DF22F0B362}.Debug|x64.Build.0 = Debug|x64
		{182EE34E-95B3-4F55-9574-31DF22F0B362}.Debug|x86.ActiveCfg = Debug|Win32
		{182EE34E-95B3-4F55-9574-31DF22F0B362}.Debug|x86.Build.0 = Debug|Win32
		{182EE34E-95B3-4F55-9574-31DF22F0B362}.Release|x64.ActiveCfg = Release|x64
		{182EE34E-95B3-4F55-9574-31DF22F0B362}.Release|x64.Build.0 = Release|x64
		{182EE34E-95B3-4F55-9574-31DF22F0B362}.Release|x86.ActiveCfg = Release|Win32
		{182EE34E-95B3-4F55-9574-31DF22F0B362}.Release|x86.Build.0 = Release|Win32
		{9644F83C-6940-485E-AA0A-F5F2661C69A2}.Debug|x64.ActiveCfg = Debug|x64
		{9644F83C-6940-485E-AA0A-F5F2661C69A2}.Debug|x64.Build.0 = Debug|x64
		{9644F83C-6940-485E-AA0A-F5F2661C69A2}.Debug|x86.ActiveCfg = Debug|Win32
		{9644F83C-6940-485E-AA0A-F5F2661C69A2}.Debug|x86.Build.0 = Debug|Win32
		{9644F83C-6940-485E-AA0A-F5F2661C69A2}.Release|x64.ActiveCfg = Release|x64
		{9644F83C-6940-485E-AA0A-F5F2661C69A2}.Release|x64.Build.0 = Release|x64
		{9644F83C-6940-485E-AA0A-F5F2661C69A2}.Release|x86.ActiveCfg = Release|Win32
		{9644F83C-6940-485E-AA0A-F5F2661C69A2}.Release|x86.Build.0 = Release|Win32
		{EFAD32FE-AD41-4D61-A1A7-13C688BB01A7}.Debug|x64.ActiveCfg = Debug|x64
		{EFAD32FE-AD41-4D61-A1A7-13C688BB01A7}.Debug|x64.Build.0 = Debug|x64
		{EFAD32FE-AD41-4D61-A1A7-13C688BB01A7}.Debug|x86.ActiveCfg = Debug|Win32
		{EFAD32FE-AD41-4D61-A1A7-13C688BB01A7}.Debug|x86.Build.0 = Debug|Win32
		{EFAD32FE-AD41-4D61-A1A7-13C688BB01A7}.Release|x64.ActiveCfg = Release|x64
		{EFAD32FE-AD41-4D61-A1A7-13C688BB01A7}.Release|x64.Build.0 = Release|x64
		{EFAD32FE-AD41-4D61-A1A7-13C688BB01A7}.Release|x86.ActiveCfg = Release|Win32
		{EFAD32FE-AD41-4D61-A1A7-13C688BB01A7}.Release|x86.Build.0 = Release|Win32
		{348FB591-B93C-454B-AC2A-2C87A89A93FF}.Debug|x64.ActiveCfg = Debug|x64
		{348FB591-B93C-454B-AC2A-2C87A89A93FF}.Debug|x64.Build.0 = Debug|x64
		{348FB591-B93C-454B-AC2A-2C87A89A93FF}.Debug|x86.ActiveCfg = Debug|Win32
		{348FB591-B93C-454B-AC2A-2C87A89A93FF}.Debug|x86.Build.0 = Debug|Win32
		{348FB591-B93C-454B-AC2A-2C87A89A93FF}.Release|x64.ActiveCfg = Release|x64
		{348FB591-B93C-454B-AC2A-2C87A89A93FF}.Release|x64.Build.0 = Release|x64
		{348FB591-B93C-454B-AC2A-2C87A89A93FF}.Release|x86.ActiveCfg = Release|Win32
		{348FB591-B93C-454B-AC2A-2C87A89A93FF}.Release|x86.Build.0 = Release|Win32
		{21F6D8DB-D54E-44A4-A375-368824CFD3B7}.Debug|x64.ActiveCfg = Debug|x64
		{21F6D8DB-D54E-44A4-A375-368824CFD3B7}.Debug|x64.Build.0 = Debug|x64
		{21F6D8DB-D54E-44A4-A375-368824CFD3B7}.Debug|x86.ActiveCfg = Debug|Win32
		{21F6D8DB-D54E-44A4-A375-368824CFD3B7}.Debug|x86.Build.0 = Debug|Win32
		{21F6D8DB-D54E-44A4-A375-368824CFD3B7}.Release|x64.ActiveCfg = Release|x64
		{21F6D8DB-D54E-44A4-A375-368824CFD3B7}.Release|x64.Build.0 = Release|x64
		{21F6D8DB-D54E-44A4-A375-368824CFD3B7}.Release|x86.ActiveCfg = Release|Win32
		{21F6D8DB-D54E-44A4-A375-368824CFD3B7}.Release|x86.Build.0 = Release|Win32
		{36349F68-0693-42C6-971E-27D140F27DAC}.Debug|x64.ActiveCfg = Debug|x64
		{36349F68-0693-42C6-971E-27D140F27DAC}.Debug|x64.Build.0 = Debug|x64
		{36349F68-0693-42C6-971E-27D140F27DAC}.Debug|x86.ActiveCfg = Debug|Win32
		{36349F68-0693-42C6-971E-27D140F27DAC}.Debug|x86.Build.0 = Debug|Win32
		{36349F68-0693-42C6-971E-27D140F27DAC}.Release|x64.ActiveCfg = Release|x64
		{36349F68-0693-42C6-971E-27D140F27DAC}.Release|x64.Build.0 = Release|x64
		{36349F68-0693-42C6-971E-27D140F27DAC}.Release|x86.ActiveCfg = Release|Win32
		{36349F68-0693-42C6-971E-27D140F27DAC}.Release|x86.Build.0 = Release|Win32
		{5FA20875-CE28-43D9-B687-0E9B53D2C577}.Debug|x64.ActiveCfg = Debug|x64
		{5FA20875-CE28-43D9-B687-0E9B53D2C577}.Debug|x64.Build.0 = Debug|x64
		{5FA20875-CE28-43D9-B687-0E9B53D2C577}.Debug|x86.ActiveCfg = Debug|Win32
		{5FA20875-CE28-43D9-B687-0E9B53D2C577}.Debug|x86.Build.0 = Debug|Win32
		{5FA20875-CE28-43D9-B687-0E9B53D2C577}.Release|x64.ActiveCfg = Release|x64
		{5FA20875-CE28-43D9-B687-0E9B53D2C577}.Release|x64.Build.0 = Release|x64
		{5FA20875-CE28-43D9-B687-0E9B53D2C577}.Release|x86.ActiveCfg = Release|Win32
		{5FA20875-CE28-43D9-B687-0E9B53D2C577}.Release|x86.Build.0 = Release|Win32
		{65DB0D57-2698-4DF8-B644-BA2875516145}.Debug|x64.ActiveCfg = Debug|x64
		{65DB0D57-2698-4DF8-B644-BA2875516145}.Debug|x64.Build.0 = Debug|x64
		{65DB0D57-2698-4DF8-B644-BA2875516145}.Debug|x86.ActiveCfg = Debug|Win32
		{65DB0D57-2698-4DF8-B644-BA2875516145}.Debug|x86.Build.0 = Debug|Win32
		{65DB0D57-2698-4DF8-B644-BA2875516145}.Release|x64.ActiveCfg = Release|x64
		{65DB0D57-2698-4DF8-B644-BA2875516145}.Release|x64.Build.0 = Release|x64
		{65DB0D57-2698-4DF8-B644-BA2875516145}.Release|x86.ActiveCfg = Release|Win32
		{65DB0D57-2698-4DF8-B644-BA2875516145}.Release|x86.Build.0 = Release|Win32
		{CD2C9C96-98D0-42C8-A8E7-1DF93DC2F7A6}.Debug|x64.ActiveCfg = Debug|x64
		{CD2C9C96-98D0-42C8-A8E7-1DF93DC2F7A6}.Debug|x64.Build.0 = Debug|x64
		{CD2C9C96-98D0-42C8-A8E7-1DF93DC2F7A6}.Debug|x86.ActiveCfg = Debug|Win32
		{CD2C9C96-98D0-42C8-A8E7-1DF93DC2F7A6}.Debug|x86.Build.0 = Debug|Win32
		{CD2C9C96-98D0-42C8-A8E7-1DF93DC2F7A6}.Release|x64.ActiveCfg = Release|x64
		{CD2C9C96-98D0-42C8-A8E7-1DF93DC2F7A6}.Release|x64.Build.0 = Release|x64
		{CD2C9C96-98D0-42C8-A8E7-1DF93DC2F7A6}.Release|x86.ActiveCfg = Release|Win32
		{CD2C9C96-98D0-42C8-A8E7-1DF93DC2F7A6}.Release|x86.Build.0 = Release|Win32
		{DCFE0A88-3A95-45F7-8A76-688FF31D41FE}.Debug|x64.ActiveCfg = Debug|x64
		{DCFE0A88-3A95-45F7-8A76-688FF31D41FE}.Debug|x64.Build.0 = Debug|x64
		{DCFE0A88-3A95-45F7-8A76-688FF31D41FE}.Debug|x86.ActiveCfg = Debug|Win32
		{DCFE0A88-3A95-45F7-8A76-688FF31D41FE}.Debug|x86.Build.0 = Debug|Win32
		{DCFE0A88-3A95-45F7-8A76-688FF31D41FE}.Release|x64.ActiveCfg = Release|x64
		{DCFE0A88-3A95-45F7-8A76-688FF31D41FE}.Release|x64.Build.0 = Release|x64
		{DCFE0A88-3A95-45F7-8A76-688FF31D41FE}.Release|x86.ActiveCfg = Release|Win32
		{DCFE0A88-3A95-45F7-8A76-688FF31D41FE}.Release|x86.Build.0 = Release|Win32
		{813490C8-B8B8-4024-A5C7-F5FDAE9C0C84}.Debug|x64.ActiveCfg = Debug|x64
		{813490C8-B8B8-4024-A5C7-F5FDAE9C0C84}.Debug|x64.Build.0 = Debug|x64
		{813490C8-B8B8-4024-A5C7-F5FDAE9C0C84}.Debug|x86.ActiveCfg = Debug|Win32
		{813490C8-B8B8-4024-A5C7-F5FDAE9C0C84}.Debug|x86.Build.0 = Debug|Win32
		{813490C8-B8B8-4024-A5C7-F5FDAE9C0C84}.Release|x64.ActiveCfg = Release|x64
		{813490C8-B8B8-4024-A5C7-F5FDAE9C0C84}.Release|x64.Build.0 = Release|x64
		{813490C8-B8B8-4024-A5C7-F5FDAE9C0C84}.Release|x86.ActiveCfg = Release|Win32
		{813490C8-B8B8-4024-A5C7-F5FDAE9C0C84}.Release|x86.Build.0 = Release|Win32
		{52E0583E-5C77-452C-9C0D-5C6010C7C04F}.Debug|x64.ActiveCfg = Debug|x64
		{52E0583E-5C77-452C-9C0D-5C6010C7C04F}.Debug|x64.Build.0 = Debug|x64
		{52E0583E-5C77-452C-9C0D-5C6010C7C04F}.Debug|x86.ActiveCfg = Debug|Win32
		{52E0583E-5C77-452C-9C0D-5C6010C7C04F}.Debug|x86.Build.0 = Debug|Win32
		{52E0583E-5C77-452C-9C0D-5C6010C7C04F}.Release|x64.ActiveCfg = Release|x64
		{52E0583E-5C77-452C-9C0D-5C6010C7C04F}.Release|x64.Build.0 = Release|x64
		{52E0583E-5C77-452C-9C0D-5C6010C7C04F}.Release|x86.ActiveCfg = Release|Win32
		{52E0583E-5C77-452C-9C0D-5C6010C7C04F}.Release|x86.Build.0 = Release|Win32
		{FE76BA5B-D4A4-4477-9DEE-2676A7C2CC1C}.Debug|x64.ActiveCfg = Debug|x64
		{FE76BA5B-D4A4-4477-9DEE-2676A7C2CC1C}.Debug|x64.Build.0 = Debug|x64
		{FE76BA5B-D4A4-4477-9DEE-2676A7C2CC1C}.Debug|x86.ActiveCfg = Debug|Win32
		{FE76BA5B-D4A4-4477-9DEE-2676A7C2CC1C}.Debug|x86.Build.0 = Debug|Win32
		{FE76BA5B-D4A4-4477-9DEE-2676A7C2CC1C}.Release|x64.ActiveCfg = Release|x64
		{FE76BA5B-D4A4-4477-9DEE-2676A7C2CC1C}.Release|x64.Build.0 = Release|x64
		{FE76BA5B-D4A4-4477-9DEE-2676A7C2CC1C}.Release|x86.ActiveCfg = Release|Win32
		{FE76BA5B-D4A4-4477-9DEE-2676A7C2CC1C}.Release|x86.Build.0 = Release|Win32
		{F6B25D0F-ECF4-4E8C-8ECD-2AEAB149BB9C}.Debug|x64.ActiveCfg = Debug|x64
		{F6B25D0F-ECF4-4E8C-8ECD-2AEAB149BB9C}.Debug|x64.Build.0 = Debug|x64
		{F6B25D0F-ECF4-4E8C-8ECD-2AEAB149BB9C}.Debug|x86.ActiveCfg = Debug|Win32
		{F6B25D0F-ECF4-4E8C-8ECD-2AEAB149BB9C}.Debug|x86.Build.0 = Debug|Win32
		{F6B25D0F-ECF4-4E8C-8ECD-2AEAB149BB9C}.Release|x64.ActiveCfg = Release|x64
		{F6B25D0F-ECF4-4E8C-8ECD-2AEAB149BB9C}.Release|x64.Build.0 = Release|x64
		{F6B25D0F-ECF4-4E8C-8ECD-2AEAB149BB9C}.Release|x86.ActiveCfg = Release|Win32
		{F6B25D0F-ECF4-4E8C-8ECD-2AEAB149BB9C}.Release|x86.Build.0 = Release|Win32
		{A9ABC161-37D3-4638-9A79-F83A28B1AA2D}.Debug|x64.ActiveCfg = Debug|x64
		{A9ABC161-37D3-4638-9A79-F83A28B1AA2D}.Debug|x64.Build.0 = Debug|x64
		{A9ABC161-37D3-4638-9A79-F83A28B1AA2D}.Debug|x86.ActiveCfg = Debug|Win32
		{A9ABC161-37D3-4638-9A79-F83A28B1AA2D}.Debug|x86.Build.0 = Debug|Win32
		{A9ABC161-37D3-4638-9A79-F83A28B1AA2D}.Release|x64.ActiveCfg = Release|x64
		{A9ABC161-37D3-4638-9A79-F83A28B1AA2D}.Release|x64.Build.0 = Release|x64
		{A9ABC161-37D3-4638-9A79-F83A28B1AA2D}.Release|x86.ActiveCfg = Release|Win32
		{A9ABC161-37D3-4638-9A79-F83A28B1AA2D}.Release|x86.Build.0 = Release|Win32
		{F1A280AA-941A-405E-BBEF-3859887CAD88}.Debug|x64.ActiveCfg = Debug|x64
		{F1A280AA-941A-405E-BBEF-3859887CAD88}.Debug|x64.Build.0 = Debug|x64
		{F1A280AA-941A-405E-BBEF-3859887CAD88}.Debug|x86.ActiveCfg = Debug|Win32
		{F1A280AA-941A-405E-BBEF-3859887CAD88}.Debug|x86.Build.0 = Debug|Win32
		{F1A280AA-941A-405E-BBEF-3859887CAD88}.Release|x64.ActiveCfg = Release|x64
		{F1A280AA-941A-405E-BBEF-3859887CAD88}.Release|x64.Build.0 = Release|x64
		{F1A280AA-941A-405E-BBEF-3859887CAD88}.Release|x86.ActiveCfg = Release|Win32
		{F1A280AA-941A-405E-BBEF-3859887CAD88}.Release|x86.Build.0 = Release|Win32
		{57FDB32D-1829-44ED-B9AD-1935F74E65C1}.Debug|x64.ActiveCfg = Debug|x64
		{57FDB32D-1829-44ED-B9AD-1935F74E65C1}.Debug|x64.Build.0 = Debug|x64
		{57FDB32D-1829-44ED-B9AD-1935F74E65C1}.Debug|x86.ActiveCfg = Debug|Win32
		{57FDB32D-1829-44ED-B9AD-1935F74E65C1}.Debug|x86.Build.0 = Debug|Win32
		{57FDB32D-1829-44ED-B9AD-1935F74E65C1}.Release|x64.ActiveCfg = Release|x64
		{57FDB32D-1829-44ED-B9AD-1935F74E65C1}.Release|x64.Build.0 = Release|x64
		{57FDB32D-1829-44ED-B9AD-1935F74E65C1}.Release|x86.ActiveCfg = Release|Win32
		{57FDB32D-1829-44ED-B9AD-1935F74E65C1}.Release|x86.Build.0 = Release|Win32
		{ADBCC0DF-A959-424F-A39C-B960B5DDEA3B}.Debug|x64.ActiveCfg = Debug|x64
		{ADBCC0DF-A959-424F-A39C-B960B5DDEA3B}.Debug|x64.Build.0 = Debug|x64
		{ADBCC0DF-A959-424F-A39C-B960B5DDEA3B}.Debug|x86.ActiveCfg = Debug|Win32
		{ADBCC0DF-A959-424F-A39C-B960B5DDEA3B}.Debug|x86.Build.0 = Debug|Win32
		{ADBCC0DF-A959-424F-A39C-B960B5DDEA3B}.Release|x64.ActiveCfg = Release|x64
		{ADBCC0DF-A959-424F-A39C-B960B5DDEA3B}.Release|x64.Build.0 = Release|x64
		{ADBCC0DF-A959-424F-A39C-B960B5DDEA3B}.Release|x86.ActiveCfg = Release|Win32
		{ADBCC0DF-A959-424F-A39C-B960B5DDEA3B}.Release|x86.Build.0 = Release|Win32
		{59A2415C-A2F7-4202-B47C-B84B018E2444}.Debug|x64.ActiveCfg = Debug|x64
		{59A2415C-A2F7-4202-B47C-B84B018E2444}.Debug|x64.Build.0 = Debug|x64
		{59A2415C-A2F7-4202-B47C-B84B018E2444}.Debug|x86.ActiveCfg = Debug|Win32
		{59A2415C-A2F7-4202-B47C-B84B018E2444}.Debug|x86.Build.0 = Debug|Win32
		{59A2415C-A2F7-4202-B47C-B84B018E2444}.Release|x64.ActiveCfg = Release|x64
		{59A2415C-A2F7-4202-B47C-B84B018E2444}.Release|x64.Build.0 = Release|x64
		{59A2415C-A2F7-4202-B47C-B84B018E2444}.Release|x86.ActiveCfg = Release|Win32
		{59A2415C-A2F7-4202-B47C-B84B018E2444}.Release|x86.Build.0 = Release|Win32
	EndGlobalSection
	GlobalSection(SolutionProperties) = preSolution
		HideSolutionNode = FALSE
	EndGlobalSection
	GlobalSection(ExtensibilityGlobals) = postSolution
		SolutionGuid = {888F5BBE-D93D-4757-9DEE-F7A96BD8E43F}
	EndGlobalSection
EndGlobal
