
Microsoft Visual Studio Solution File, Format Version 12.00
# Visual Studio Version 16
VisualStudioVersion = 16.0.30907.101
MinimumVisualStudioVersion = 10.0.40219.1
Project("{8BC9CEB8-8B4A-11D0-8D11-00A0C91BC942}") = "1", "1\1.vcxproj", "{1FB63F0C-FCCE-4F7A-876F-4D9E9E09D1A6}"
EndProject
Project("{8BC9CEB8-8B4A-11D0-8D11-00A0C91BC942}") = "2", "2\2.vcxproj", "{AF881815-4C4A-481B-9EA3-B1A25E8BA793}"
EndProject
Project("{8BC9CEB8-8B4A-11D0-8D11-00A0C91BC942}") = "3", "3\3.vcxproj", "{A910CBAC-E03C-40C7-B71F-38ED62BDF74E}"
EndProject
Project("{8BC9CEB8-8B4A-11D0-8D11-00A0C91BC942}") = "4", "4\4.vcxproj", "{BC12807B-6492-4D49-908F-5983AE52525D}"
EndProject
Project("{8BC9CEB8-8B4A-11D0-8D11-00A0C91BC942}") = "5", "5\5.vcxproj", "{56FB616F-D903-4300-9135-022284542074}"
EndProject
Project("{8BC9CEB8-8B4A-11D0-8D11-00A0C91BC942}") = "6", "6\6.vcxproj", "{188A70BE-2668-4FCA-8D9D-9ED1B5AF6CE2}"
EndProject
Project("{8BC9CEB8-8B4A-11D0-8D11-00A0C91BC942}") = "7", "7\7.vcxproj", "{CE4192F0-8A76-44AC-82FA-7C65D405E3C9}"
EndProject
Project("{8BC9CEB8-8B4A-11D0-8D11-00A0C91BC942}") = "8", "8\8.vcxproj", "{E7C58BB5-E92A-43AF-89B2-00F81AEDE4D4}"
EndProject
Project("{8BC9CEB8-8B4A-11D0-8D11-00A0C91BC942}") = "9", "9\9.vcxproj", "{361430ED-04A8-47B0-8BD9-BA75B2B5B675}"
EndProject
Project("{8BC9CEB8-8B4A-11D0-8D11-00A0C91BC942}") = "10", "10\10.vcxproj", "{8475998F-0F82-4013-BA5F-C168C21D0D08}"
EndProject
Project("{8BC9CEB8-8B4A-11D0-8D11-00A0C91BC942}") = "11", "11\11.vcxproj", "{1BD3829A-22B6-4CB3-AABA-A3B060BE266B}"
EndProject
Project("{8BC9CEB8-8B4A-11D0-8D11-00A0C91BC942}") = "12", "12\12.vcxproj", "{6686868D-C250-45FC-AD3E-B27087C456F1}"
EndProject
Project("{8BC9CEB8-8B4A-11D0-8D11-00A0C91BC942}") = "SC_Pr1", "SC_Pr1\SC_Pr1.vcxproj", "{8DFD7CBB-6996-47F9-B1DA-94823DA191E3}"
EndProject
Project("{8BC9CEB8-8B4A-11D0-8D11-00A0C91BC942}") = "SC_Pr2_Fakt", "SC_Pr2_Fakt\SC_Pr2_Fakt.vcxproj", "{8283E2C4-7F5D-4B24-A3CE-56886759950B}"
EndProject
Project("{8BC9CEB8-8B4A-11D0-8D11-00A0C91BC942}") = "Pr0", "Pr0\Pr0.vcxproj", "{2E0DBD19-2238-47B2-8A0E-D1EB66B5150C}"
EndProject
Project("{8BC9CEB8-8B4A-11D0-8D11-00A0C91BC942}") = "Pr1", "Pr1\Pr1.vcxproj", "{98DE1235-7188-4F82-AEAC-916E9ADA5A20}"
EndProject
Project("{8BC9CEB8-8B4A-11D0-8D11-00A0C91BC942}") = "Pr2", "Pr2\Pr2.vcxproj", "{71448A5D-53BA-4BCD-BF00-A0DC800BD0EA}"
EndProject
Project("{8BC9CEB8-8B4A-11D0-8D11-00A0C91BC942}") = "Pr3", "Pr3\Pr3.vcxproj", "{33373453-9E0E-4838-8F80-FE4A766D2EBC}"
EndProject
Project("{8BC9CEB8-8B4A-11D0-8D11-00A0C91BC942}") = "Pr4", "Pr4\Pr4.vcxproj", "{1762F939-C2D8-4B82-9288-C416A26055C4}"
EndProject
Project("{8BC9CEB8-8B4A-11D0-8D11-00A0C91BC942}") = "Pr5_fibon", "Pr5_fibon\Pr5_fibon.vcxproj", "{64829CDB-8CD6-4167-BA6F-785420EF2B8D}"
EndProject
Project("{8BC9CEB8-8B4A-11D0-8D11-00A0C91BC942}") = "Pr6", "Pr6\Pr6.vcxproj", "{FCEDCC8A-9194-4099-B95B-29660FCEA2FB}"
EndProject
Project("{8BC9CEB8-8B4A-11D0-8D11-00A0C91BC942}") = "Pr7", "Pr7\Pr7.vcxproj", "{6A2FF8A0-3999-41FB-A190-69DDF5CD34EA}"
EndProject
Project("{8BC9CEB8-8B4A-11D0-8D11-00A0C91BC942}") = "Pr7.1", "Pr7.1\Pr7.1.vcxproj", "{274A5557-EC49-473F-A796-83F15B5EE832}"
EndProject
Global
	GlobalSection(SolutionConfigurationPlatforms) = preSolution
		Debug|x64 = Debug|x64
		Debug|x86 = Debug|x86
		Release|x64 = Release|x64
		Release|x86 = Release|x86
	EndGlobalSection
	GlobalSection(ProjectConfigurationPlatforms) = postSolution
		{1FB63F0C-FCCE-4F7A-876F-4D9E9E09D1A6}.Debug|x64.ActiveCfg = Debug|x64
		{1FB63F0C-FCCE-4F7A-876F-4D9E9E09D1A6}.Debug|x64.Build.0 = Debug|x64
		{1FB63F0C-FCCE-4F7A-876F-4D9E9E09D1A6}.Debug|x86.ActiveCfg = Debug|Win32
		{1FB63F0C-FCCE-4F7A-876F-4D9E9E09D1A6}.Debug|x86.Build.0 = Debug|Win32
		{1FB63F0C-FCCE-4F7A-876F-4D9E9E09D1A6}.Release|x64.ActiveCfg = Release|x64
		{1FB63F0C-FCCE-4F7A-876F-4D9E9E09D1A6}.Release|x64.Build.0 = Release|x64
		{1FB63F0C-FCCE-4F7A-876F-4D9E9E09D1A6}.Release|x86.ActiveCfg = Release|Win32
		{1FB63F0C-FCCE-4F7A-876F-4D9E9E09D1A6}.Release|x86.Build.0 = Release|Win32
		{AF881815-4C4A-481B-9EA3-B1A25E8BA793}.Debug|x64.ActiveCfg = Debug|x64
		{AF881815-4C4A-481B-9EA3-B1A25E8BA793}.Debug|x64.Build.0 = Debug|x64
		{AF881815-4C4A-481B-9EA3-B1A25E8BA793}.Debug|x86.ActiveCfg = Debug|Win32
		{AF881815-4C4A-481B-9EA3-B1A25E8BA793}.Debug|x86.Build.0 = Debug|Win32
		{AF881815-4C4A-481B-9EA3-B1A25E8BA793}.Release|x64.ActiveCfg = Release|x64
		{AF881815-4C4A-481B-9EA3-B1A25E8BA793}.Release|x64.Build.0 = Release|x64
		{AF881815-4C4A-481B-9EA3-B1A25E8BA793}.Release|x86.ActiveCfg = Release|Win32
		{AF881815-4C4A-481B-9EA3-B1A25E8BA793}.Release|x86.Build.0 = Release|Win32
		{A910CBAC-E03C-40C7-B71F-38ED62BDF74E}.Debug|x64.ActiveCfg = Debug|x64
		{A910CBAC-E03C-40C7-B71F-38ED62BDF74E}.Debug|x64.Build.0 = Debug|x64
		{A910CBAC-E03C-40C7-B71F-38ED62BDF74E}.Debug|x86.ActiveCfg = Debug|Win32
		{A910CBAC-E03C-40C7-B71F-38ED62BDF74E}.Debug|x86.Build.0 = Debug|Win32
		{A910CBAC-E03C-40C7-B71F-38ED62BDF74E}.Release|x64.ActiveCfg = Release|x64
		{A910CBAC-E03C-40C7-B71F-38ED62BDF74E}.Release|x64.Build.0 = Release|x64
		{A910CBAC-E03C-40C7-B71F-38ED62BDF74E}.Release|x86.ActiveCfg = Release|Win32
		{A910CBAC-E03C-40C7-B71F-38ED62BDF74E}.Release|x86.Build.0 = Release|Win32
		{BC12807B-6492-4D49-908F-5983AE52525D}.Debug|x64.ActiveCfg = Debug|x64
		{BC12807B-6492-4D49-908F-5983AE52525D}.Debug|x64.Build.0 = Debug|x64
		{BC12807B-6492-4D49-908F-5983AE52525D}.Debug|x86.ActiveCfg = Debug|Win32
		{BC12807B-6492-4D49-908F-5983AE52525D}.Debug|x86.Build.0 = Debug|Win32
		{BC12807B-6492-4D49-908F-5983AE52525D}.Release|x64.ActiveCfg = Release|x64
		{BC12807B-6492-4D49-908F-5983AE52525D}.Release|x64.Build.0 = Release|x64
		{BC12807B-6492-4D49-908F-5983AE52525D}.Release|x86.ActiveCfg = Release|Win32
		{BC12807B-6492-4D49-908F-5983AE52525D}.Release|x86.Build.0 = Release|Win32
		{56FB616F-D903-4300-9135-022284542074}.Debug|x64.ActiveCfg = Debug|x64
		{56FB616F-D903-4300-9135-022284542074}.Debug|x64.Build.0 = Debug|x64
		{56FB616F-D903-4300-9135-022284542074}.Debug|x86.ActiveCfg = Debug|Win32
		{56FB616F-D903-4300-9135-022284542074}.Debug|x86.Build.0 = Debug|Win32
		{56FB616F-D903-4300-9135-022284542074}.Release|x64.ActiveCfg = Release|x64
		{56FB616F-D903-4300-9135-022284542074}.Release|x64.Build.0 = Release|x64
		{56FB616F-D903-4300-9135-022284542074}.Release|x86.ActiveCfg = Release|Win32
		{56FB616F-D903-4300-9135-022284542074}.Release|x86.Build.0 = Release|Win32
		{188A70BE-2668-4FCA-8D9D-9ED1B5AF6CE2}.Debug|x64.ActiveCfg = Debug|x64
		{188A70BE-2668-4FCA-8D9D-9ED1B5AF6CE2}.Debug|x64.Build.0 = Debug|x64
		{188A70BE-2668-4FCA-8D9D-9ED1B5AF6CE2}.Debug|x86.ActiveCfg = Debug|Win32
		{188A70BE-2668-4FCA-8D9D-9ED1B5AF6CE2}.Debug|x86.Build.0 = Debug|Win32
		{188A70BE-2668-4FCA-8D9D-9ED1B5AF6CE2}.Release|x64.ActiveCfg = Release|x64
		{188A70BE-2668-4FCA-8D9D-9ED1B5AF6CE2}.Release|x64.Build.0 = Release|x64
		{188A70BE-2668-4FCA-8D9D-9ED1B5AF6CE2}.Release|x86.ActiveCfg = Release|Win32
		{188A70BE-2668-4FCA-8D9D-9ED1B5AF6CE2}.Release|x86.Build.0 = Release|Win32
		{CE4192F0-8A76-44AC-82FA-7C65D405E3C9}.Debug|x64.ActiveCfg = Debug|x64
		{CE4192F0-8A76-44AC-82FA-7C65D405E3C9}.Debug|x64.Build.0 = Debug|x64
		{CE4192F0-8A76-44AC-82FA-7C65D405E3C9}.Debug|x86.ActiveCfg = Debug|Win32
		{CE4192F0-8A76-44AC-82FA-7C65D405E3C9}.Debug|x86.Build.0 = Debug|Win32
		{CE4192F0-8A76-44AC-82FA-7C65D405E3C9}.Release|x64.ActiveCfg = Release|x64
		{CE4192F0-8A76-44AC-82FA-7C65D405E3C9}.Release|x64.Build.0 = Release|x64
		{CE4192F0-8A76-44AC-82FA-7C65D405E3C9}.Release|x86.ActiveCfg = Release|Win32
		{CE4192F0-8A76-44AC-82FA-7C65D405E3C9}.Release|x86.Build.0 = Release|Win32
		{E7C58BB5-E92A-43AF-89B2-00F81AEDE4D4}.Debug|x64.ActiveCfg = Debug|x64
		{E7C58BB5-E92A-43AF-89B2-00F81AEDE4D4}.Debug|x64.Build.0 = Debug|x64
		{E7C58BB5-E92A-43AF-89B2-00F81AEDE4D4}.Debug|x86.ActiveCfg = Debug|Win32
		{E7C58BB5-E92A-43AF-89B2-00F81AEDE4D4}.Debug|x86.Build.0 = Debug|Win32
		{E7C58BB5-E92A-43AF-89B2-00F81AEDE4D4}.Release|x64.ActiveCfg = Release|x64
		{E7C58BB5-E92A-43AF-89B2-00F81AEDE4D4}.Release|x64.Build.0 = Release|x64
		{E7C58BB5-E92A-43AF-89B2-00F81AEDE4D4}.Release|x86.ActiveCfg = Release|Win32
		{E7C58BB5-E92A-43AF-89B2-00F81AEDE4D4}.Release|x86.Build.0 = Release|Win32
		{361430ED-04A8-47B0-8BD9-BA75B2B5B675}.Debug|x64.ActiveCfg = Debug|x64
		{361430ED-04A8-47B0-8BD9-BA75B2B5B675}.Debug|x64.Build.0 = Debug|x64
		{361430ED-04A8-47B0-8BD9-BA75B2B5B675}.Debug|x86.ActiveCfg = Debug|Win32
		{361430ED-04A8-47B0-8BD9-BA75B2B5B675}.Debug|x86.Build.0 = Debug|Win32
		{361430ED-04A8-47B0-8BD9-BA75B2B5B675}.Release|x64.ActiveCfg = Release|x64
		{361430ED-04A8-47B0-8BD9-BA75B2B5B675}.Release|x64.Build.0 = Release|x64
		{361430ED-04A8-47B0-8BD9-BA75B2B5B675}.Release|x86.ActiveCfg = Release|Win32
		{361430ED-04A8-47B0-8BD9-BA75B2B5B675}.Release|x86.Build.0 = Release|Win32
		{8475998F-0F82-4013-BA5F-C168C21D0D08}.Debug|x64.ActiveCfg = Debug|x64
		{8475998F-0F82-4013-BA5F-C168C21D0D08}.Debug|x64.Build.0 = Debug|x64
		{8475998F-0F82-4013-BA5F-C168C21D0D08}.Debug|x86.ActiveCfg = Debug|Win32
		{8475998F-0F82-4013-BA5F-C168C21D0D08}.Debug|x86.Build.0 = Debug|Win32
		{8475998F-0F82-4013-BA5F-C168C21D0D08}.Release|x64.ActiveCfg = Release|x64
		{8475998F-0F82-4013-BA5F-C168C21D0D08}.Release|x64.Build.0 = Release|x64
		{8475998F-0F82-4013-BA5F-C168C21D0D08}.Release|x86.ActiveCfg = Release|Win32
		{8475998F-0F82-4013-BA5F-C168C21D0D08}.Release|x86.Build.0 = Release|Win32
		{1BD3829A-22B6-4CB3-AABA-A3B060BE266B}.Debug|x64.ActiveCfg = Debug|x64
		{1BD3829A-22B6-4CB3-AABA-A3B060BE266B}.Debug|x64.Build.0 = Debug|x64
		{1BD3829A-22B6-4CB3-AABA-A3B060BE266B}.Debug|x86.ActiveCfg = Debug|Win32
		{1BD3829A-22B6-4CB3-AABA-A3B060BE266B}.Debug|x86.Build.0 = Debug|Win32
		{1BD3829A-22B6-4CB3-AABA-A3B060BE266B}.Release|x64.ActiveCfg = Release|x64
		{1BD3829A-22B6-4CB3-AABA-A3B060BE266B}.Release|x64.Build.0 = Release|x64
		{1BD3829A-22B6-4CB3-AABA-A3B060BE266B}.Release|x86.ActiveCfg = Release|Win32
		{1BD3829A-22B6-4CB3-AABA-A3B060BE266B}.Release|x86.Build.0 = Release|Win32
		{6686868D-C250-45FC-AD3E-B27087C456F1}.Debug|x64.ActiveCfg = Debug|x64
		{6686868D-C250-45FC-AD3E-B27087C456F1}.Debug|x64.Build.0 = Debug|x64
		{6686868D-C250-45FC-AD3E-B27087C456F1}.Debug|x86.ActiveCfg = Debug|Win32
		{6686868D-C250-45FC-AD3E-B27087C456F1}.Debug|x86.Build.0 = Debug|Win32
		{6686868D-C250-45FC-AD3E-B27087C456F1}.Release|x64.ActiveCfg = Release|x64
		{6686868D-C250-45FC-AD3E-B27087C456F1}.Release|x64.Build.0 = Release|x64
		{6686868D-C250-45FC-AD3E-B27087C456F1}.Release|x86.ActiveCfg = Release|Win32
		{6686868D-C250-45FC-AD3E-B27087C456F1}.Release|x86.Build.0 = Release|Win32
		{8DFD7CBB-6996-47F9-B1DA-94823DA191E3}.Debug|x64.ActiveCfg = Debug|x64
		{8DFD7CBB-6996-47F9-B1DA-94823DA191E3}.Debug|x64.Build.0 = Debug|x64
		{8DFD7CBB-6996-47F9-B1DA-94823DA191E3}.Debug|x86.ActiveCfg = Debug|Win32
		{8DFD7CBB-6996-47F9-B1DA-94823DA191E3}.Debug|x86.Build.0 = Debug|Win32
		{8DFD7CBB-6996-47F9-B1DA-94823DA191E3}.Release|x64.ActiveCfg = Release|x64
		{8DFD7CBB-6996-47F9-B1DA-94823DA191E3}.Release|x64.Build.0 = Release|x64
		{8DFD7CBB-6996-47F9-B1DA-94823DA191E3}.Release|x86.ActiveCfg = Release|Win32
		{8DFD7CBB-6996-47F9-B1DA-94823DA191E3}.Release|x86.Build.0 = Release|Win32
		{8283E2C4-7F5D-4B24-A3CE-56886759950B}.Debug|x64.ActiveCfg = Debug|x64
		{8283E2C4-7F5D-4B24-A3CE-56886759950B}.Debug|x64.Build.0 = Debug|x64
		{8283E2C4-7F5D-4B24-A3CE-56886759950B}.Debug|x86.ActiveCfg = Debug|Win32
		{8283E2C4-7F5D-4B24-A3CE-56886759950B}.Debug|x86.Build.0 = Debug|Win32
		{8283E2C4-7F5D-4B24-A3CE-56886759950B}.Release|x64.ActiveCfg = Release|x64
		{8283E2C4-7F5D-4B24-A3CE-56886759950B}.Release|x64.Build.0 = Release|x64
		{8283E2C4-7F5D-4B24-A3CE-56886759950B}.Release|x86.ActiveCfg = Release|Win32
		{8283E2C4-7F5D-4B24-A3CE-56886759950B}.Release|x86.Build.0 = Release|Win32
		{2E0DBD19-2238-47B2-8A0E-D1EB66B5150C}.Debug|x64.ActiveCfg = Debug|x64
		{2E0DBD19-2238-47B2-8A0E-D1EB66B5150C}.Debug|x64.Build.0 = Debug|x64
		{2E0DBD19-2238-47B2-8A0E-D1EB66B5150C}.Debug|x86.ActiveCfg = Debug|Win32
		{2E0DBD19-2238-47B2-8A0E-D1EB66B5150C}.Debug|x86.Build.0 = Debug|Win32
		{2E0DBD19-2238-47B2-8A0E-D1EB66B5150C}.Release|x64.ActiveCfg = Release|x64
		{2E0DBD19-2238-47B2-8A0E-D1EB66B5150C}.Release|x64.Build.0 = Release|x64
		{2E0DBD19-2238-47B2-8A0E-D1EB66B5150C}.Release|x86.ActiveCfg = Release|Win32
		{2E0DBD19-2238-47B2-8A0E-D1EB66B5150C}.Release|x86.Build.0 = Release|Win32
		{98DE1235-7188-4F82-AEAC-916E9ADA5A20}.Debug|x64.ActiveCfg = Debug|x64
		{98DE1235-7188-4F82-AEAC-916E9ADA5A20}.Debug|x64.Build.0 = Debug|x64
		{98DE1235-7188-4F82-AEAC-916E9ADA5A20}.Debug|x86.ActiveCfg = Debug|Win32
		{98DE1235-7188-4F82-AEAC-916E9ADA5A20}.Debug|x86.Build.0 = Debug|Win32
		{98DE1235-7188-4F82-AEAC-916E9ADA5A20}.Release|x64.ActiveCfg = Release|x64
		{98DE1235-7188-4F82-AEAC-916E9ADA5A20}.Release|x64.Build.0 = Release|x64
		{98DE1235-7188-4F82-AEAC-916E9ADA5A20}.Release|x86.ActiveCfg = Release|Win32
		{98DE1235-7188-4F82-AEAC-916E9ADA5A20}.Release|x86.Build.0 = Release|Win32
		{71448A5D-53BA-4BCD-BF00-A0DC800BD0EA}.Debug|x64.ActiveCfg = Debug|x64
		{71448A5D-53BA-4BCD-BF00-A0DC800BD0EA}.Debug|x64.Build.0 = Debug|x64
		{71448A5D-53BA-4BCD-BF00-A0DC800BD0EA}.Debug|x86.ActiveCfg = Debug|Win32
		{71448A5D-53BA-4BCD-BF00-A0DC800BD0EA}.Debug|x86.Build.0 = Debug|Win32
		{71448A5D-53BA-4BCD-BF00-A0DC800BD0EA}.Release|x64.ActiveCfg = Release|x64
		{71448A5D-53BA-4BCD-BF00-A0DC800BD0EA}.Release|x64.Build.0 = Release|x64
		{71448A5D-53BA-4BCD-BF00-A0DC800BD0EA}.Release|x86.ActiveCfg = Release|Win32
		{71448A5D-53BA-4BCD-BF00-A0DC800BD0EA}.Release|x86.Build.0 = Release|Win32
		{33373453-9E0E-4838-8F80-FE4A766D2EBC}.Debug|x64.ActiveCfg = Debug|x64
		{33373453-9E0E-4838-8F80-FE4A766D2EBC}.Debug|x64.Build.0 = Debug|x64
		{33373453-9E0E-4838-8F80-FE4A766D2EBC}.Debug|x86.ActiveCfg = Debug|Win32
		{33373453-9E0E-4838-8F80-FE4A766D2EBC}.Debug|x86.Build.0 = Debug|Win32
		{33373453-9E0E-4838-8F80-FE4A766D2EBC}.Release|x64.ActiveCfg = Release|x64
		{33373453-9E0E-4838-8F80-FE4A766D2EBC}.Release|x64.Build.0 = Release|x64
		{33373453-9E0E-4838-8F80-FE4A766D2EBC}.Release|x86.ActiveCfg = Release|Win32
		{33373453-9E0E-4838-8F80-FE4A766D2EBC}.Release|x86.Build.0 = Release|Win32
		{1762F939-C2D8-4B82-9288-C416A26055C4}.Debug|x64.ActiveCfg = Debug|x64
		{1762F939-C2D8-4B82-9288-C416A26055C4}.Debug|x64.Build.0 = Debug|x64
		{1762F939-C2D8-4B82-9288-C416A26055C4}.Debug|x86.ActiveCfg = Debug|Win32
		{1762F939-C2D8-4B82-9288-C416A26055C4}.Debug|x86.Build.0 = Debug|Win32
		{1762F939-C2D8-4B82-9288-C416A26055C4}.Release|x64.ActiveCfg = Release|x64
		{1762F939-C2D8-4B82-9288-C416A26055C4}.Release|x64.Build.0 = Release|x64
		{1762F939-C2D8-4B82-9288-C416A26055C4}.Release|x86.ActiveCfg = Release|Win32
		{1762F939-C2D8-4B82-9288-C416A26055C4}.Release|x86.Build.0 = Release|Win32
		{64829CDB-8CD6-4167-BA6F-785420EF2B8D}.Debug|x64.ActiveCfg = Debug|x64
		{64829CDB-8CD6-4167-BA6F-785420EF2B8D}.Debug|x64.Build.0 = Debug|x64
		{64829CDB-8CD6-4167-BA6F-785420EF2B8D}.Debug|x86.ActiveCfg = Debug|Win32
		{64829CDB-8CD6-4167-BA6F-785420EF2B8D}.Debug|x86.Build.0 = Debug|Win32
		{64829CDB-8CD6-4167-BA6F-785420EF2B8D}.Release|x64.ActiveCfg = Release|x64
		{64829CDB-8CD6-4167-BA6F-785420EF2B8D}.Release|x64.Build.0 = Release|x64
		{64829CDB-8CD6-4167-BA6F-785420EF2B8D}.Release|x86.ActiveCfg = Release|Win32
		{64829CDB-8CD6-4167-BA6F-785420EF2B8D}.Release|x86.Build.0 = Release|Win32
		{FCEDCC8A-9194-4099-B95B-29660FCEA2FB}.Debug|x64.ActiveCfg = Debug|x64
		{FCEDCC8A-9194-4099-B95B-29660FCEA2FB}.Debug|x64.Build.0 = Debug|x64
		{FCEDCC8A-9194-4099-B95B-29660FCEA2FB}.Debug|x86.ActiveCfg = Debug|Win32
		{FCEDCC8A-9194-4099-B95B-29660FCEA2FB}.Debug|x86.Build.0 = Debug|Win32
		{FCEDCC8A-9194-4099-B95B-29660FCEA2FB}.Release|x64.ActiveCfg = Release|x64
		{FCEDCC8A-9194-4099-B95B-29660FCEA2FB}.Release|x64.Build.0 = Release|x64
		{FCEDCC8A-9194-4099-B95B-29660FCEA2FB}.Release|x86.ActiveCfg = Release|Win32
		{FCEDCC8A-9194-4099-B95B-29660FCEA2FB}.Release|x86.Build.0 = Release|Win32
		{6A2FF8A0-3999-41FB-A190-69DDF5CD34EA}.Debug|x64.ActiveCfg = Debug|x64
		{6A2FF8A0-3999-41FB-A190-69DDF5CD34EA}.Debug|x64.Build.0 = Debug|x64
		{6A2FF8A0-3999-41FB-A190-69DDF5CD34EA}.Debug|x86.ActiveCfg = Debug|Win32
		{6A2FF8A0-3999-41FB-A190-69DDF5CD34EA}.Debug|x86.Build.0 = Debug|Win32
		{6A2FF8A0-3999-41FB-A190-69DDF5CD34EA}.Release|x64.ActiveCfg = Release|x64
		{6A2FF8A0-3999-41FB-A190-69DDF5CD34EA}.Release|x64.Build.0 = Release|x64
		{6A2FF8A0-3999-41FB-A190-69DDF5CD34EA}.Release|x86.ActiveCfg = Release|Win32
		{6A2FF8A0-3999-41FB-A190-69DDF5CD34EA}.Release|x86.Build.0 = Release|Win32
		{274A5557-EC49-473F-A796-83F15B5EE832}.Debug|x64.ActiveCfg = Debug|x64
		{274A5557-EC49-473F-A796-83F15B5EE832}.Debug|x64.Build.0 = Debug|x64
		{274A5557-EC49-473F-A796-83F15B5EE832}.Debug|x86.ActiveCfg = Debug|Win32
		{274A5557-EC49-473F-A796-83F15B5EE832}.Debug|x86.Build.0 = Debug|Win32
		{274A5557-EC49-473F-A796-83F15B5EE832}.Release|x64.ActiveCfg = Release|x64
		{274A5557-EC49-473F-A796-83F15B5EE832}.Release|x64.Build.0 = Release|x64
		{274A5557-EC49-473F-A796-83F15B5EE832}.Release|x86.ActiveCfg = Release|Win32
		{274A5557-EC49-473F-A796-83F15B5EE832}.Release|x86.Build.0 = Release|Win32
	EndGlobalSection
	GlobalSection(SolutionProperties) = preSolution
		HideSolutionNode = FALSE
	EndGlobalSection
	GlobalSection(ExtensibilityGlobals) = postSolution
		SolutionGuid = {BDCEBEED-A250-496C-9E31-D97F9BC7D2A0}
	EndGlobalSection
EndGlobal
