
Microsoft Visual Studio Solution File, Format Version 12.00
# Visual Studio Version 16
VisualStudioVersion = 16.0.30907.101
MinimumVisualStudioVersion = 10.0.40219.1
Project("{8BC9CEB8-8B4A-11D0-8D11-00A0C91BC942}") = "Pr1", "Pr1\Pr1.vcxproj", "{48F31801-583A-4B6F-8005-CC2CA8AA5D27}"
EndProject
Project("{8BC9CEB8-8B4A-11D0-8D11-00A0C91BC942}") = "Pr2", "Pr2\Pr2.vcxproj", "{E7DCA097-9FFA-45B7-B4D6-265F73DE5750}"
EndProject
Project("{8BC9CEB8-8B4A-11D0-8D11-00A0C91BC942}") = "Pr3", "Pr3\Pr3.vcxproj", "{602CBDE8-524A-4ECB-8B0C-8B7558AF7FA4}"
EndProject
Project("{8BC9CEB8-8B4A-11D0-8D11-00A0C91BC942}") = "Pr4", "Pr4\Pr4.vcxproj", "{AEAEB92C-02B8-439D-B217-B1FBF249BE33}"
EndProject
Project("{8BC9CEB8-8B4A-11D0-8D11-00A0C91BC942}") = "Pr5", "Pr5\Pr5.vcxproj", "{1B153607-A4AD-48EA-A1C1-EC6BF5DD3A64}"
EndProject
Project("{8BC9CEB8-8B4A-11D0-8D11-00A0C91BC942}") = "Pr6", "Pr6\Pr6.vcxproj", "{864E4934-058F-44CE-90A1-6D3B8E4A971B}"
EndProject
Project("{8BC9CEB8-8B4A-11D0-8D11-00A0C91BC942}") = "Pr7", "Pr7\Pr7.vcxproj", "{CA24AFA9-D4BB-4421-993A-6397610D2613}"
EndProject
Project("{8BC9CEB8-8B4A-11D0-8D11-00A0C91BC942}") = "Pr8", "Pr8\Pr8.vcxproj", "{6E79A7B2-77A8-463A-8886-2FFC9DB214C7}"
EndProject
Project("{8BC9CEB8-8B4A-11D0-8D11-00A0C91BC942}") = "SC_Pr1", "SC_Pr1\SC_Pr1.vcxproj", "{E4A6E745-B4AE-4672-AA3B-B419592DA196}"
EndProject
Project("{8BC9CEB8-8B4A-11D0-8D11-00A0C91BC942}") = "SC_Pr2", "SC_Pr2\SC_Pr2.vcxproj", "{55D0DFBC-2852-4C1B-9805-67B16A216567}"
EndProject
Global
	GlobalSection(SolutionConfigurationPlatforms) = preSolution
		Debug|x64 = Debug|x64
		Debug|x86 = Debug|x86
		Release|x64 = Release|x64
		Release|x86 = Release|x86
	EndGlobalSection
	GlobalSection(ProjectConfigurationPlatforms) = postSolution
		{48F31801-583A-4B6F-8005-CC2CA8AA5D27}.Debug|x64.ActiveCfg = Debug|x64
		{48F31801-583A-4B6F-8005-CC2CA8AA5D27}.Debug|x64.Build.0 = Debug|x64
		{48F31801-583A-4B6F-8005-CC2CA8AA5D27}.Debug|x86.ActiveCfg = Debug|Win32
		{48F31801-583A-4B6F-8005-CC2CA8AA5D27}.Debug|x86.Build.0 = Debug|Win32
		{48F31801-583A-4B6F-8005-CC2CA8AA5D27}.Release|x64.ActiveCfg = Release|x64
		{48F31801-583A-4B6F-8005-CC2CA8AA5D27}.Release|x64.Build.0 = Release|x64
		{48F31801-583A-4B6F-8005-CC2CA8AA5D27}.Release|x86.ActiveCfg = Release|Win32
		{48F31801-583A-4B6F-8005-CC2CA8AA5D27}.Release|x86.Build.0 = Release|Win32
		{E7DCA097-9FFA-45B7-B4D6-265F73DE5750}.Debug|x64.ActiveCfg = Debug|x64
		{E7DCA097-9FFA-45B7-B4D6-265F73DE5750}.Debug|x64.Build.0 = Debug|x64
		{E7DCA097-9FFA-45B7-B4D6-265F73DE5750}.Debug|x86.ActiveCfg = Debug|Win32
		{E7DCA097-9FFA-45B7-B4D6-265F73DE5750}.Debug|x86.Build.0 = Debug|Win32
		{E7DCA097-9FFA-45B7-B4D6-265F73DE5750}.Release|x64.ActiveCfg = Release|x64
		{E7DCA097-9FFA-45B7-B4D6-265F73DE5750}.Release|x64.Build.0 = Release|x64
		{E7DCA097-9FFA-45B7-B4D6-265F73DE5750}.Release|x86.ActiveCfg = Release|Win32
		{E7DCA097-9FFA-45B7-B4D6-265F73DE5750}.Release|x86.Build.0 = Release|Win32
		{602CBDE8-524A-4ECB-8B0C-8B7558AF7FA4}.Debug|x64.ActiveCfg = Debug|x64
		{602CBDE8-524A-4ECB-8B0C-8B7558AF7FA4}.Debug|x64.Build.0 = Debug|x64
		{602CBDE8-524A-4ECB-8B0C-8B7558AF7FA4}.Debug|x86.ActiveCfg = Debug|Win32
		{602CBDE8-524A-4ECB-8B0C-8B7558AF7FA4}.Debug|x86.Build.0 = Debug|Win32
		{602CBDE8-524A-4ECB-8B0C-8B7558AF7FA4}.Release|x64.ActiveCfg = Release|x64
		{602CBDE8-524A-4ECB-8B0C-8B7558AF7FA4}.Release|x64.Build.0 = Release|x64
		{602CBDE8-524A-4ECB-8B0C-8B7558AF7FA4}.Release|x86.ActiveCfg = Release|Win32
		{602CBDE8-524A-4ECB-8B0C-8B7558AF7FA4}.Release|x86.Build.0 = Release|Win32
		{AEAEB92C-02B8-439D-B217-B1FBF249BE33}.Debug|x64.ActiveCfg = Debug|x64
		{AEAEB92C-02B8-439D-B217-B1FBF249BE33}.Debug|x64.Build.0 = Debug|x64
		{AEAEB92C-02B8-439D-B217-B1FBF249BE33}.Debug|x86.ActiveCfg = Debug|Win32
		{AEAEB92C-02B8-439D-B217-B1FBF249BE33}.Debug|x86.Build.0 = Debug|Win32
		{AEAEB92C-02B8-439D-B217-B1FBF249BE33}.Release|x64.ActiveCfg = Release|x64
		{AEAEB92C-02B8-439D-B217-B1FBF249BE33}.Release|x64.Build.0 = Release|x64
		{AEAEB92C-02B8-439D-B217-B1FBF249BE33}.Release|x86.ActiveCfg = Release|Win32
		{AEAEB92C-02B8-439D-B217-B1FBF249BE33}.Release|x86.Build.0 = Release|Win32
		{1B153607-A4AD-48EA-A1C1-EC6BF5DD3A64}.Debug|x64.ActiveCfg = Debug|x64
		{1B153607-A4AD-48EA-A1C1-EC6BF5DD3A64}.Debug|x64.Build.0 = Debug|x64
		{1B153607-A4AD-48EA-A1C1-EC6BF5DD3A64}.Debug|x86.ActiveCfg = Debug|Win32
		{1B153607-A4AD-48EA-A1C1-EC6BF5DD3A64}.Debug|x86.Build.0 = Debug|Win32
		{1B153607-A4AD-48EA-A1C1-EC6BF5DD3A64}.Release|x64.ActiveCfg = Release|x64
		{1B153607-A4AD-48EA-A1C1-EC6BF5DD3A64}.Release|x64.Build.0 = Release|x64
		{1B153607-A4AD-48EA-A1C1-EC6BF5DD3A64}.Release|x86.ActiveCfg = Release|Win32
		{1B153607-A4AD-48EA-A1C1-EC6BF5DD3A64}.Release|x86.Build.0 = Release|Win32
		{864E4934-058F-44CE-90A1-6D3B8E4A971B}.Debug|x64.ActiveCfg = Debug|x64
		{864E4934-058F-44CE-90A1-6D3B8E4A971B}.Debug|x64.Build.0 = Debug|x64
		{864E4934-058F-44CE-90A1-6D3B8E4A971B}.Debug|x86.ActiveCfg = Debug|Win32
		{864E4934-058F-44CE-90A1-6D3B8E4A971B}.Debug|x86.Build.0 = Debug|Win32
		{864E4934-058F-44CE-90A1-6D3B8E4A971B}.Release|x64.ActiveCfg = Release|x64
		{864E4934-058F-44CE-90A1-6D3B8E4A971B}.Release|x64.Build.0 = Release|x64
		{864E4934-058F-44CE-90A1-6D3B8E4A971B}.Release|x86.ActiveCfg = Release|Win32
		{864E4934-058F-44CE-90A1-6D3B8E4A971B}.Release|x86.Build.0 = Release|Win32
		{CA24AFA9-D4BB-4421-993A-6397610D2613}.Debug|x64.ActiveCfg = Debug|x64
		{CA24AFA9-D4BB-4421-993A-6397610D2613}.Debug|x64.Build.0 = Debug|x64
		{CA24AFA9-D4BB-4421-993A-6397610D2613}.Debug|x86.ActiveCfg = Debug|Win32
		{CA24AFA9-D4BB-4421-993A-6397610D2613}.Debug|x86.Build.0 = Debug|Win32
		{CA24AFA9-D4BB-4421-993A-6397610D2613}.Release|x64.ActiveCfg = Release|x64
		{CA24AFA9-D4BB-4421-993A-6397610D2613}.Release|x64.Build.0 = Release|x64
		{CA24AFA9-D4BB-4421-993A-6397610D2613}.Release|x86.ActiveCfg = Release|Win32
		{CA24AFA9-D4BB-4421-993A-6397610D2613}.Release|x86.Build.0 = Release|Win32
		{6E79A7B2-77A8-463A-8886-2FFC9DB214C7}.Debug|x64.ActiveCfg = Debug|x64
		{6E79A7B2-77A8-463A-8886-2FFC9DB214C7}.Debug|x64.Build.0 = Debug|x64
		{6E79A7B2-77A8-463A-8886-2FFC9DB214C7}.Debug|x86.ActiveCfg = Debug|Win32
		{6E79A7B2-77A8-463A-8886-2FFC9DB214C7}.Debug|x86.Build.0 = Debug|Win32
		{6E79A7B2-77A8-463A-8886-2FFC9DB214C7}.Release|x64.ActiveCfg = Release|x64
		{6E79A7B2-77A8-463A-8886-2FFC9DB214C7}.Release|x64.Build.0 = Release|x64
		{6E79A7B2-77A8-463A-8886-2FFC9DB214C7}.Release|x86.ActiveCfg = Release|Win32
		{6E79A7B2-77A8-463A-8886-2FFC9DB214C7}.Release|x86.Build.0 = Release|Win32
		{E4A6E745-B4AE-4672-AA3B-B419592DA196}.Debug|x64.ActiveCfg = Debug|x64
		{E4A6E745-B4AE-4672-AA3B-B419592DA196}.Debug|x64.Build.0 = Debug|x64
		{E4A6E745-B4AE-4672-AA3B-B419592DA196}.Debug|x86.ActiveCfg = Debug|Win32
		{E4A6E745-B4AE-4672-AA3B-B419592DA196}.Debug|x86.Build.0 = Debug|Win32
		{E4A6E745-B4AE-4672-AA3B-B419592DA196}.Release|x64.ActiveCfg = Release|x64
		{E4A6E745-B4AE-4672-AA3B-B419592DA196}.Release|x64.Build.0 = Release|x64
		{E4A6E745-B4AE-4672-AA3B-B419592DA196}.Release|x86.ActiveCfg = Release|Win32
		{E4A6E745-B4AE-4672-AA3B-B419592DA196}.Release|x86.Build.0 = Release|Win32
		{55D0DFBC-2852-4C1B-9805-67B16A216567}.Debug|x64.ActiveCfg = Debug|x64
		{55D0DFBC-2852-4C1B-9805-67B16A216567}.Debug|x64.Build.0 = Debug|x64
		{55D0DFBC-2852-4C1B-9805-67B16A216567}.Debug|x86.ActiveCfg = Debug|Win32
		{55D0DFBC-2852-4C1B-9805-67B16A216567}.Debug|x86.Build.0 = Debug|Win32
		{55D0DFBC-2852-4C1B-9805-67B16A216567}.Release|x64.ActiveCfg = Release|x64
		{55D0DFBC-2852-4C1B-9805-67B16A216567}.Release|x64.Build.0 = Release|x64
		{55D0DFBC-2852-4C1B-9805-67B16A216567}.Release|x86.ActiveCfg = Release|Win32
		{55D0DFBC-2852-4C1B-9805-67B16A216567}.Release|x86.Build.0 = Release|Win32
	EndGlobalSection
	GlobalSection(SolutionProperties) = preSolution
		HideSolutionNode = FALSE
	EndGlobalSection
	GlobalSection(ExtensibilityGlobals) = postSolution
		SolutionGuid = {6420BC0A-B357-43C1-8F52-7711E7330F45}
	EndGlobalSection
EndGlobal
